// !$*UTF8*$!
{
	archiveVersion = 1;
	classes = {
	};
	objectVersion = 50;
	objects = {

/* Begin PBXBuildFile section */
		9EE0858D251AA7E500BE26FA /* AppDelegate.swift in Sources */ = {isa = PBXBuildFile; fileRef = 9EE0858C251AA7E500BE26FA /* AppDelegate.swift */; };
		9EE0858F251AA7E500BE26FA /* SceneDelegate.swift in Sources */ = {isa = PBXBuildFile; fileRef = 9EE0858E251AA7E500BE26FA /* SceneDelegate.swift */; };
		9EE08591251AA7E500BE26FA /* ContentView.swift in Sources */ = {isa = PBXBuildFile; fileRef = 9EE08590251AA7E500BE26FA /* ContentView.swift */; };
		9EE08593251AA7E700BE26FA /* Assets.xcassets in Resources */ = {isa = PBXBuildFile; fileRef = 9EE08592251AA7E700BE26FA /* Assets.xcassets */; };
		9EE08596251AA7E700BE26FA /* Preview Assets.xcassets in Resources */ = {isa = PBXBuildFile; fileRef = 9EE08595251AA7E700BE26FA /* Preview Assets.xcassets */; };
		9EE08599251AA7E700BE26FA /* LaunchScreen.storyboard in Resources */ = {isa = PBXBuildFile; fileRef = 9EE08597251AA7E700BE26FA /* LaunchScreen.storyboard */; };
		9EE085A2251AACE700BE26FA /* NetworkManager.swift in Sources */ = {isa = PBXBuildFile; fileRef = 9EE085A1251AACE700BE26FA /* NetworkManager.swift */; };
		9EE085A4251AADFA00BE26FA /* PostData.swift in Sources */ = {isa = PBXBuildFile; fileRef = 9EE085A3251AADFA00BE26FA /* PostData.swift */; };
		9EE085A7251BEF2D00BE26FA /* DetailView.swift in Sources */ = {isa = PBXBuildFile; fileRef = 9EE085A6251BEF2C00BE26FA /* DetailView.swift */; };
		9EE085A9251BF2E500BE26FA /* WebView.swift in Sources */ = {isa = PBXBuildFile; fileRef = 9EE085A8251BF2E500BE26FA /* WebView.swift */; };
/* End PBXBuildFile section */

/* Begin PBXFileReference section */
		9EE08589251AA7E500BE26FA /* HackerNews.app */ = {isa = PBXFileReference; explicitFileType = wrapper.application; includeInIndex = 0; path = HackerNews.app; sourceTree = BUILT_PRODUCTS_DIR; };
		9EE0858C251AA7E500BE26FA /* AppDelegate.swift */ = {isa = PBXFileReference; lastKnownFileType = sourcecode.swift; path = AppDelegate.swift; sourceTree = "<group>"; };
		9EE0858E251AA7E500BE26FA /* SceneDelegate.swift */ = {isa = PBXFileReference; lastKnownFileType = sourcecode.swift; path = SceneDelegate.swift; sourceTree = "<group>"; };
		9EE08590251AA7E500BE26FA /* ContentView.swift */ = {isa = PBXFileReference; lastKnownFileType = sourcecode.swift; name = ContentView.swift; path = ../ContentView.swift; sourceTree = "<group>"; };
		9EE08592251AA7E700BE26FA /* Assets.xcassets */ = {isa = PBXFileReference; lastKnownFileType = folder.assetcatalog; path = Assets.xcassets; sourceTree = "<group>"; };
		9EE08595251AA7E700BE26FA /* Preview Assets.xcassets */ = {isa = PBXFileReference; lastKnownFileType = folder.assetcatalog; path = "Preview Assets.xcassets"; sourceTree = "<group>"; };
		9EE08598251AA7E700BE26FA /* Base */ = {isa = PBXFileReference; lastKnownFileType = file.storyboard; name = Base; path = Base.lproj/LaunchScreen.storyboard; sourceTree = "<group>"; };
		9EE0859A251AA7E700BE26FA /* Info.plist */ = {isa = PBXFileReference; lastKnownFileType = text.plist.xml; path = Info.plist; sourceTree = "<group>"; };
		9EE085A1251AACE700BE26FA /* NetworkManager.swift */ = {isa = PBXFileReference; lastKnownFileType = sourcecode.swift; path = NetworkManager.swift; sourceTree = "<group>"; };
		9EE085A3251AADFA00BE26FA /* PostData.swift */ = {isa = PBXFileReference; lastKnownFileType = sourcecode.swift; path = PostData.swift; sourceTree = "<group>"; };
		9EE085A6251BEF2C00BE26FA /* DetailView.swift */ = {isa = PBXFileReference; lastKnownFileType = sourcecode.swift; path = DetailView.swift; sourceTree = "<group>"; };
		9EE085A8251BF2E500BE26FA /* WebView.swift */ = {isa = PBXFileReference; lastKnownFileType = sourcecode.swift; path = WebView.swift; sourceTree = "<group>"; };
/* End PBXFileReference section */

/* Begin PBXFrameworksBuildPhase section */
		9EE08586251AA7E500BE26FA /* Frameworks */ = {
			isa = PBXFrameworksBuildPhase;
			buildActionMask = 2147483647;
			files = (
			);
			runOnlyForDeploymentPostprocessing = 0;
		};
/* End PBXFrameworksBuildPhase section */

/* Begin PBXGroup section */
		9EE08580251AA7E500BE26FA = {
			isa = PBXGroup;
			children = (
				9EE0858B251AA7E500BE26FA /* HackerNews */,
				9EE0858A251AA7E500BE26FA /* Products */,
			);
			sourceTree = "<group>";
		};
		9EE0858A251AA7E500BE26FA /* Products */ = {
			isa = PBXGroup;
			children = (
				9EE08589251AA7E500BE26FA /* HackerNews.app */,
			);
			name = Products;
			sourceTree = "<group>";
		};
		9EE0858B251AA7E500BE26FA /* HackerNews */ = {
			isa = PBXGroup;
			children = (
				9EE085A0251AACCE00BE26FA /* Models */,
				9EE0858C251AA7E500BE26FA /* AppDelegate.swift */,
				9EE0858E251AA7E500BE26FA /* SceneDelegate.swift */,
				9EE085A5251BEF1100BE26FA /* Views */,
				9EE08592251AA7E700BE26FA /* Assets.xcassets */,
				9EE08597251AA7E700BE26FA /* LaunchScreen.storyboard */,
				9EE0859A251AA7E700BE26FA /* Info.plist */,
				9EE08594251AA7E700BE26FA /* Preview Content */,
			);
			path = HackerNews;
			sourceTree = "<group>";
		};
		9EE08594251AA7E700BE26FA /* Preview Content */ = {
			isa = PBXGroup;
			children = (
				9EE08595251AA7E700BE26FA /* Preview Assets.xcassets */,
			);
			path = "Preview Content";
			sourceTree = "<group>";
		};
		9EE085A0251AACCE00BE26FA /* Models */ = {
			isa = PBXGroup;
			children = (
				9EE085A1251AACE700BE26FA /* NetworkManager.swift */,
				9EE085A3251AADFA00BE26FA /* PostData.swift */,
			);
			path = Models;
			sourceTree = "<group>";
		};
		9EE085A5251BEF1100BE26FA /* Views */ = {
			isa = PBXGroup;
			children = (
				9EE08590251AA7E500BE26FA /* ContentView.swift */,
				9EE085A6251BEF2C00BE26FA /* DetailView.swift */,
				9EE085A8251BF2E500BE26FA /* WebView.swift */,
			);
			path = Views;
			sourceTree = "<group>";
		};
/* End PBXGroup section */

/* Begin PBXNativeTarget section */
		9EE08588251AA7E500BE26FA /* HackerNews */ = {
			isa = PBXNativeTarget;
			buildConfigurationList = 9EE0859D251AA7E700BE26FA /* Build configuration list for PBXNativeTarget "HackerNews" */;
			buildPhases = (
				9EE08585251AA7E500BE26FA /* Sources */,
				9EE08586251AA7E500BE26FA /* Frameworks */,
				9EE08587251AA7E500BE26FA /* Resources */,
			);
			buildRules = (
			);
			dependencies = (
			);
			name = HackerNews;
			productName = HackerNews;
			productReference = 9EE08589251AA7E500BE26FA /* HackerNews.app */;
			productType = "com.apple.product-type.application";
		};
/* End PBXNativeTarget section */

/* Begin PBXProject section */
		9EE08581251AA7E500BE26FA /* Project object */ = {
			isa = PBXProject;
			attributes = {
				LastSwiftUpdateCheck = 1170;
				LastUpgradeCheck = 1170;
				ORGANIZATIONNAME = "Talha Rahman";
				TargetAttributes = {
					9EE08588251AA7E500BE26FA = {
						CreatedOnToolsVersion = 11.7;
					};
				};
			};
			buildConfigurationList = 9EE08584251AA7E500BE26FA /* Build configuration list for PBXProject "HackerNews" */;
			compatibilityVersion = "Xcode 9.3";
			developmentRegion = en;
			hasScannedForEncodings = 0;
			knownRegions = (
				en,
				Base,
			);
			mainGroup = 9EE08580251AA7E500BE26FA;
			productRefGroup = 9EE0858A251AA7E500BE26FA /* Products */;
			projectDirPath = "";
			projectRoot = "";
			targets = (
				9EE08588251AA7E500BE26FA /* HackerNews */,
			);
		};
/* End PBXProject section */

/* Begin PBXResourcesBuildPhase section */
		9EE08587251AA7E500BE26FA /* Resources */ = {
			isa = PBXResourcesBuildPhase;
			buildActionMask = 2147483647;
			files = (
				9EE08599251AA7E700BE26FA /* LaunchScreen.storyboard in Resources */,
				9EE08596251AA7E700BE26FA /* Preview Assets.xcassets in Resources */,
				9EE08593251AA7E700BE26FA /* Assets.xcassets in Resources */,
			);
			runOnlyForDeploymentPostprocessing = 0;
		};
/* End PBXResourcesBuildPhase section */

/* Begin PBXSourcesBuildPhase section */
		9EE08585251AA7E500BE26FA /* Sources */ = {
			isa = PBXSourcesBuildPhase;
			buildActionMask = 2147483647;
			files = (
				9EE085A4251AADFA00BE26FA /* PostData.swift in Sources */,
				9EE085A7251BEF2D00BE26FA /* DetailView.swift in Sources */,
				9EE085A2251AACE700BE26FA /* NetworkManager.swift in Sources */,
				9EE0858D251AA7E500BE26FA /* AppDelegate.swift in Sources */,
				9EE0858F251AA7E500BE26FA /* SceneDelegate.swift in Sources */,
				9EE08591251AA7E500BE26FA /* ContentView.swift in Sources */,
				9EE085A9251BF2E500BE26FA /* WebView.swift in Sources */,
			);
			runOnlyForDeploymentPostprocessing = 0;
		};
/* End PBXSourcesBuildPhase section */

/* Begin PBXVariantGroup section */
		9EE08597251AA7E700BE26FA /* LaunchScreen.storyboard */ = {
			isa = PBXVariantGroup;
			children = (
				9EE08598251AA7E700BE26FA /* Base */,
			);
			name = LaunchScreen.storyboard;
			sourceTree = "<group>";
		};
/* End PBXVariantGroup section */

/* Begin XCBuildConfiguration section */
		9EE0859B251AA7E700BE26FA /* Debug */ = {
			isa = XCBuildConfiguration;
			buildSettings = {
				ALWAYS_SEARCH_USER_PATHS = NO;
				CLANG_ANALYZER_NONNULL = YES;
				CLANG_ANALYZER_NUMBER_OBJECT_CONVERSION = YES_AGGRESSIVE;
				CLANG_CXX_LANGUAGE_STANDARD = "gnu++14";
				CLANG_CXX_LIBRARY = "libc++";
				CLANG_ENABLE_MODULES = YES;
				CLANG_ENABLE_OBJC_ARC = YES;
				CLANG_ENABLE_OBJC_WEAK = YES;
				CLANG_WARN_BLOCK_CAPTURE_AUTORELEASING = YES;
				CLANG_WARN_BOOL_CONVERSION = YES;
				CLANG_WARN_COMMA = YES;
				CLANG_WARN_CONSTANT_CONVERSION = YES;
				CLANG_WARN_DEPRECATED_OBJC_IMPLEMENTATIONS = YES;
				CLANG_WARN_DIRECT_OBJC_ISA_USAGE = YES_ERROR;
				CLANG_WARN_DOCUMENTATION_COMMENTS = YES;
				CLANG_WARN_EMPTY_BODY = YES;
				CLANG_WARN_ENUM_CONVERSION = YES;
				CLANG_WARN_INFINITE_RECURSION = YES;
				CLANG_WARN_INT_CONVERSION = YES;
				CLANG_WARN_NON_LITERAL_NULL_CONVERSION = YES;
				CLANG_WARN_OBJC_IMPLICIT_RETAIN_SELF = YES;
				CLANG_WARN_OBJC_LITERAL_CONVERSION = YES;
				CLANG_WARN_OBJC_ROOT_CLASS = YES_ERROR;
				CLANG_WARN_RANGE_LOOP_ANALYSIS = YES;
				CLANG_WARN_STRICT_PROTOTYPES = YES;
				CLANG_WARN_SUSPICIOUS_MOVE = YES;
				CLANG_WARN_UNGUARDED_AVAILABILITY = YES_AGGRESSIVE;
				CLANG_WARN_UNREACHABLE_CODE = YES;
				CLANG_WARN__DUPLICATE_METHOD_MATCH = YES;
				COPY_PHASE_STRIP = NO;
				DEBUG_INFORMATION_FORMAT = dwarf;
				ENABLE_STRICT_OBJC_MSGSEND = YES;
				ENABLE_TESTABILITY = YES;
				GCC_C_LANGUAGE_STANDARD = gnu11;
				GCC_DYNAMIC_NO_PIC = NO;
				GCC_NO_COMMON_BLOCKS = YES;
				GCC_OPTIMIZATION_LEVEL = 0;
				GCC_PREPROCESSOR_DEFINITIONS = (
					"DEBUG=1",
					"$(inherited)",
				);
				GCC_WARN_64_TO_32_BIT_CONVERSION = YES;
				GCC_WARN_ABOUT_RETURN_TYPE = YES_ERROR;
				GCC_WARN_UNDECLARED_SELECTOR = YES;
				GCC_WARN_UNINITIALIZED_AUTOS = YES_AGGRESSIVE;
				GCC_WARN_UNUSED_FUNCTION = YES;
				GCC_WARN_UNUSED_VARIABLE = YES;
				IPHONEOS_DEPLOYMENT_TARGET = 13.7;
				MTL_ENABLE_DEBUG_INFO = INCLUDE_SOURCE;
				MTL_FAST_MATH = YES;
				ONLY_ACTIVE_ARCH = YES;
				SDKROOT = iphoneos;
				SWIFT_ACTIVE_COMPILATION_CONDITIONS = DEBUG;
				SWIFT_OPTIMIZATION_LEVEL = "-Onone";
			};
			name = Debug;
		};
		9EE0859C251AA7E700BE26FA /* Release */ = {
			isa = XCBuildConfiguration;
			buildSettings = {
				ALWAYS_SEARCH_USER_PATHS = NO;
				CLANG_ANALYZER_NONNULL = YES;
				CLANG_ANALYZER_NUMBER_OBJECT_CONVERSION = YES_AGGRESSIVE;
				CLANG_CXX_LANGUAGE_STANDARD = "gnu++14";
				CLANG_CXX_LIBRARY = "libc++";
				CLANG_ENABLE_MODULES = YES;
				CLANG_ENABLE_OBJC_ARC = YES;
				CLANG_ENABLE_OBJC_WEAK = YES;
				CLANG_WARN_BLOCK_CAPTURE_AUTORELEASING = YES;
				CLANG_WARN_BOOL_CONVERSION = YES;
				CLANG_WARN_COMMA = YES;
				CLANG_WARN_CONSTANT_CONVERSION = YES;
				CLANG_WARN_DEPRECATED_OBJC_IMPLEMENTATIONS = YES;
				CLANG_WARN_DIRECT_OBJC_ISA_USAGE = YES_ERROR;
				CLANG_WARN_DOCUMENTATION_COMMENTS = YES;
				CLANG_WARN_EMPTY_BODY = YES;
				CLANG_WARN_ENUM_CONVERSION = YES;
				CLANG_WARN_INFINITE_RECURSION = YES;
				CLANG_WARN_INT_CONVERSION = YES;
				CLANG_WARN_NON_LITERAL_NULL_CONVERSION = YES;
				CLANG_WARN_OBJC_IMPLICIT_RETAIN_SELF = YES;
				CLANG_WARN_OBJC_LITERAL_CONVERSION = YES;
				CLANG_WARN_OBJC_ROOT_CLASS = YES_ERROR;
				CLANG_WARN_RANGE_LOOP_ANALYSIS = YES;
				CLANG_WARN_STRICT_PROTOTYPES = YES;
				CLANG_WARN_SUSPICIOUS_MOVE = YES;
				CLANG_WARN_UNGUARDED_AVAILABILITY = YES_AGGRESSIVE;
				CLANG_WARN_UNREACHABLE_CODE = YES;
				CLANG_WARN__DUPLICATE_METHOD_MATCH = YES;
				COPY_PHASE_STRIP = NO;
				DEBUG_INFORMATION_FORMAT = "dwarf-with-dsym";
				ENABLE_NS_ASSERTIONS = NO;
				ENABLE_STRICT_OBJC_MSGSEND = YES;
				GCC_C_LANGUAGE_STANDARD = gnu11;
				GCC_NO_COMMON_BLOCKS = YES;
				GCC_WARN_64_TO_32_BIT_CONVERSION = YES;
				GCC_WARN_ABOUT_RETURN_TYPE = YES_ERROR;
				GCC_WARN_UNDECLARED_SELECTOR = YES;
				GCC_WARN_UNINITIALIZED_AUTOS = YES_AGGRESSIVE;
				GCC_WARN_UNUSED_FUNCTION = YES;
				GCC_WARN_UNUSED_VARIABLE = YES;
				IPHONEOS_DEPLOYMENT_TARGET = 13.7;
				MTL_ENABLE_DEBUG_INFO = NO;
				MTL_FAST_MATH = YES;
				SDKROOT = iphoneos;
				SWIFT_COMPILATION_MODE = wholemodule;
				SWIFT_OPTIMIZATION_LEVEL = "-O";
				VALIDATE_PRODUCT = YES;
			};
			name = Release;
		};
		9EE0859E251AA7E700BE26FA /* Debug */ = {
			isa = XCBuildConfiguration;
			buildSettings = {
				ASSETCATALOG_COMPILER_APPICON_NAME = AppIcon;
				CODE_SIGN_STYLE = Automatic;
				DEVELOPMENT_ASSET_PATHS = "\"HackerNews/Preview Content\"";
				DEVELOPMENT_TEAM = Q74N3ZZKAU;
				ENABLE_PREVIEWS = YES;
				INFOPLIST_FILE = HackerNews/Info.plist;
				LD_RUNPATH_SEARCH_PATHS = (
					"$(inherited)",
					"@executable_path/Frameworks",
				);
				PRODUCT_BUNDLE_IDENTIFIER = com.Talha.Rahman.HackerNews;
				PRODUCT_NAME = "$(TARGET_NAME)";
				SWIFT_VERSION = 5.0;
				TARGETED_DEVICE_FAMILY = "1,2";
			};
			name = Debug;
		};
		9EE0859F251AA7E700BE26FA /* Release */ = {
			isa = XCBuildConfiguration;
			buildSettings = {
				ASSETCATALOG_COMPILER_APPICON_NAME = AppIcon;
				CODE_SIGN_STYLE = Automatic;
				DEVELOPMENT_ASSET_PATHS = "\"HackerNews/Preview Content\"";
				DEVELOPMENT_TEAM = Q74N3ZZKAU;
				ENABLE_PREVIEWS = YES;
				INFOPLIST_FILE = HackerNews/Info.plist;
				LD_RUNPATH_SEARCH_PATHS = (
					"$(inherited)",
					"@executable_path/Frameworks",
				);
				PRODUCT_BUNDLE_IDENTIFIER = com.Talha.Rahman.HackerNews;
				PRODUCT_NAME = "$(TARGET_NAME)";
				SWIFT_VERSION = 5.0;
				TARGETED_DEVICE_FAMILY = "1,2";
			};
			name = Release;
		};
/* End XCBuildConfiguration section */

/* Begin XCConfigurationList section */
		9EE08584251AA7E500BE26FA /* Build configuration list for PBXProject "HackerNews" */ = {
			isa = XCConfigurationList;
			buildConfigurations = (
				9EE0859B251AA7E700BE26FA /* Debug */,
				9EE0859C251AA7E700BE26FA /* Release */,
			);
			defaultConfigurationIsVisible = 0;
			defaultConfigurationName = Release;
		};
		9EE0859D251AA7E700BE26FA /* Build configuration list for PBXNativeTarget "HackerNews" */ = {
			isa = XCConfigurationList;
			buildConfigurations = (
				9EE0859E251AA7E700BE26FA /* Debug */,
				9EE0859F251AA7E700BE26FA /* Release */,
			);
			defaultConfigurationIsVisible = 0;
			defaultConfigurationName = Release;
		};
/* End XCConfigurationList section */
	};
	rootObject = 9EE08581251AA7E500BE26FA /* Project object */;
}
